
Microsoft Visual Studio Solution File, Format Version 12.00
# Visual Studio Version 16
VisualStudioVersion = 16.0.29009.5
MinimumVisualStudioVersion = 10.0.40219.1
Project("{9A19103F-16F7-4668-BE54-9A1E7A4F7556}") = "CEMIG.Api", "aspnetcore-rest-api-with-dapper-master\CEMIG.Api.csproj", "{8EB17B21-B2C8-43BA-8B98-ABBE5DEEE97E}"
EndProject
Project("{9A19103F-16F7-4668-BE54-9A1E7A4F7556}") = "CEMIG.MapadoSite.Business", "CEMIG.MapadoSite.Business\CEMIG.MapadoSite.Business.csproj", "{7573D0E5-F1F9-46BA-8E2F-153971957D0D}"
EndProject
Project("{9A19103F-16F7-4668-BE54-9A1E7A4F7556}") = "CEMIG.MapadoSite.Data", "CEMIG.MapadoSite.Data\CEMIG.MapadoSite.Data.csproj", "{35C19C23-60AC-43BD-A109-FD0DAEDA3812}"
EndProject
Project("{9A19103F-16F7-4668-BE54-9A1E7A4F7556}") = "CEMIG.MapadoSite.Repositories", "CEMIG.MapadoSite.Repositories\CEMIG.MapadoSite.Repositories.csproj", "{3F03D776-C70E-4B8E-80FB-C0B1145A8C6B}"
EndProject
Project("{9A19103F-16F7-4668-BE54-9A1E7A4F7556}") = "CEMIG.MapadoSite", "CEMIG.MapadoSite\CEMIG.MapadoSite.csproj", "{3CF76EF4-376C-4FFA-AFE5-1F6B01C311E2}"
EndProject
Global
	GlobalSection(SolutionConfigurationPlatforms) = preSolution
		Debug|Any CPU = Debug|Any CPU
		Release|Any CPU = Release|Any CPU
	EndGlobalSection
	GlobalSection(ProjectConfigurationPlatforms) = postSolution
		{8EB17B21-B2C8-43BA-8B98-ABBE5DEEE97E}.Debug|Any CPU.ActiveCfg = Debug|Any CPU
		{8EB17B21-B2C8-43BA-8B98-ABBE5DEEE97E}.Debug|Any CPU.Build.0 = Debug|Any CPU
		{8EB17B21-B2C8-43BA-8B98-ABBE5DEEE97E}.Release|Any CPU.ActiveCfg = Release|Any CPU
		{8EB17B21-B2C8-43BA-8B98-ABBE5DEEE97E}.Release|Any CPU.Build.0 = Release|Any CPU
		{7573D0E5-F1F9-46BA-8E2F-153971957D0D}.Debug|Any CPU.ActiveCfg = Debug|Any CPU
		{7573D0E5-F1F9-46BA-8E2F-153971957D0D}.Debug|Any CPU.Build.0 = Debug|Any CPU
		{7573D0E5-F1F9-46BA-8E2F-153971957D0D}.Release|Any CPU.ActiveCfg = Release|Any CPU
		{7573D0E5-F1F9-46BA-8E2F-153971957D0D}.Release|Any CPU.Build.0 = Release|Any CPU
		{35C19C23-60AC-43BD-A109-FD0DAEDA3812}.Debug|Any CPU.ActiveCfg = Debug|Any CPU
		{35C19C23-60AC-43BD-A109-FD0DAEDA3812}.Debug|Any CPU.Build.0 = Debug|Any CPU
		{35C19C23-60AC-43BD-A109-FD0DAEDA3812}.Release|Any CPU.ActiveCfg = Release|Any CPU
		{35C19C23-60AC-43BD-A109-FD0DAEDA3812}.Release|Any CPU.Build.0 = Release|Any CPU
		{3F03D776-C70E-4B8E-80FB-C0B1145A8C6B}.Debug|Any CPU.ActiveCfg = Debug|Any CPU
		{3F03D776-C70E-4B8E-80FB-C0B1145A8C6B}.Debug|Any CPU.Build.0 = Debug|Any CPU
		{3F03D776-C70E-4B8E-80FB-C0B1145A8C6B}.Release|Any CPU.ActiveCfg = Release|Any CPU
		{3F03D776-C70E-4B8E-80FB-C0B1145A8C6B}.Release|Any CPU.Build.0 = Release|Any CPU
		{3CF76EF4-376C-4FFA-AFE5-1F6B01C311E2}.Debug|Any CPU.ActiveCfg = Debug|Any CPU
		{3CF76EF4-376C-4FFA-AFE5-1F6B01C311E2}.Debug|Any CPU.Build.0 = Debug|Any CPU
		{3CF76EF4-376C-4FFA-AFE5-1F6B01C311E2}.Release|Any CPU.ActiveCfg = Release|Any CPU
		{3CF76EF4-376C-4FFA-AFE5-1F6B01C311E2}.Release|Any CPU.Build.0 = Release|Any CPU
	EndGlobalSection
	GlobalSection(SolutionProperties) = preSolution
		HideSolutionNode = FALSE
	EndGlobalSection
	GlobalSection(ExtensibilityGlobals) = postSolution
		SolutionGuid = {5E04D5E2-03B8-4B19-AA38-E72C98748A73}
	EndGlobalSection
EndGlobal
